# THIS IS AN AUTOGENERATED FILE. DO NOT EDIT THIS FILE DIRECTLY.
# yarn lockfile v1


"@ant-design/colors@^8.0.0", "@ant-design/colors@^8.0.1":
  version "8.0.1"
  resolved "https://registry.yarnpkg.com/@ant-design/colors/-/colors-8.0.1.tgz#6b5444f2ab4061c7b1aa4bc776adb023b0253161"
  integrity sha512-foPVl0+SWIslGUtD/xBr1p9U4AKzPhNYEseXYRRo5QSzGACYZrQbe11AYJbYfAWnWSpGBx6JjBmSeugUsD9vqQ==
  dependencies:
    "@ant-design/fast-color" "^3.0.0"

"@ant-design/cssinjs-utils@^2.1.1":
  version "2.1.1"
  resolved "https://registry.yarnpkg.com/@ant-design/cssinjs-utils/-/cssinjs-utils-2.1.1.tgz#c70d86206204e882073a0fe4969a5ddf154c6915"
  integrity sha512-RKxkj5pGFB+FkPJ5NGhoX3DK3xsv0pMltha7Ei1AnY3tILeq38L7tuhaWDPQI/5nlPxOog44wvqpNyyGcUsNMg==
  dependencies:
    "@ant-design/cssinjs" "^2.1.0"
    "@babel/runtime" "^7.23.2"
    "@rc-component/util" "^1.4.0"

"@ant-design/cssinjs@^2.1.0":
  version "2.1.0"
  resolved "https://registry.yarnpkg.com/@ant-design/cssinjs/-/cssinjs-2.1.0.tgz#081394937f86aefe55e35198019d0483f405a484"
  integrity sha512-eZFrPCnrYrF3XtL7qA4L75P0qA3TtZta8H3Yggy7UYFh8gZgu5bSMNF+v4UVCzGxzYmx8ZvPdgOce0BJ6PsW9g==
  dependencies:
    "@babel/runtime" "^7.11.1"
    "@emotion/hash" "^0.8.0"
    "@emotion/unitless" "^0.7.5"
    "@rc-component/util" "^1.4.0"
    clsx "^2.1.1"
    csstype "^3.1.3"
    stylis "^4.3.4"

"@ant-design/fast-color@^3.0.0", "@ant-design/fast-color@^3.0.1":
  version "3.0.1"
  resolved "https://registry.yarnpkg.com/@ant-design/fast-color/-/fast-color-3.0.1.tgz#fee56b95427c0b55b216c93d9a7f3473f31615b5"
  integrity sha512-esKJegpW4nckh0o6kV3Tkb7NPIZYbPnnFxmQDUmL08ukXZAvV85TZBr70eGuke/CIArLaP6aw8lt9KILjnWuOw==

"@ant-design/icons-svg@^4.4.0":
  version "4.4.2"
  resolved "https://registry.yarnpkg.com/@ant-design/icons-svg/-/icons-svg-4.4.2.tgz#ed2be7fb4d82ac7e1d45a54a5b06d6cecf8be6f6"
  integrity sha512-vHbT+zJEVzllwP+CM+ul7reTEfBR0vgxFe7+lREAsAA7YGsYpboiq2sQNeQeRvh09GfQgs/GyFEvZpJ9cLXpXA==

"@ant-design/icons@^6.1.0":
  version "6.1.0"
  resolved "https://registry.yarnpkg.com/@ant-design/icons/-/icons-6.1.0.tgz#97cc14a3c0528b8e2b37f41f232b019f2ca38c2c"
  integrity sha512-KrWMu1fIg3w/1F2zfn+JlfNDU8dDqILfA5Tg85iqs1lf8ooyGlbkA+TkwfOKKgqpUmAiRY1PTFpuOU2DAIgSUg==
  dependencies:
    "@ant-design/colors" "^8.0.0"
    "@ant-design/icons-svg" "^4.4.0"
    "@rc-component/util" "^1.3.0"
    clsx "^2.1.1"

"@ant-design/react-slick@~2.0.0":
  version "2.0.0"
  resolved "https://registry.yarnpkg.com/@ant-design/react-slick/-/react-slick-2.0.0.tgz#2d1dac45e7fc94060355f7cc233e92ca247133dc"
  integrity sha512-HMS9sRoEmZey8LsE/Yo6+klhlzU12PisjrVcydW3So7RdklyEd2qehyU6a7Yp+OYN72mgsYs3NFCyP2lCPFVqg==
  dependencies:
    "@babel/runtime" "^7.28.4"
    clsx "^2.1.1"
    json2mq "^0.2.0"
    throttle-debounce "^5.0.0"

"@babel/runtime@^7.10.1", "@babel/runtime@^7.11.1", "@babel/runtime@^7.18.0", "@babel/runtime@^7.20.0", "@babel/runtime@^7.23.2", "@babel/runtime@^7.24.4", "@babel/runtime@^7.24.7", "@babel/runtime@^7.28.4":
  version "7.28.6"
  resolved "https://registry.yarnpkg.com/@babel/runtime/-/runtime-7.28.6.tgz#d267a43cb1836dc4d182cce93ae75ba954ef6d2b"
  integrity sha512-05WQkdpL9COIMz4LjTxGpPNCdlpyimKppYNoJ5Di5EUObifl8t4tuLuUBBZEpoLYOmfvIWrsp9fCl0HoPRVTdA==

"@emotion/hash@^0.8.0":
  version "0.8.0"
  resolved "https://registry.yarnpkg.com/@emotion/hash/-/hash-0.8.0.tgz#bbbff68978fefdbe68ccb533bc8cbe1d1afb5413"
  integrity sha512-kBJtf7PH6aWwZ6fka3zQ0p6SBYzx4fl1LoZXE2RrnYST9Xljm7WfKJrU4g/Xr3Beg72MLrp1AWNUmuYJTL7Cow==

"@emotion/unitless@^0.7.5":
  version "0.7.5"
  resolved "https://registry.yarnpkg.com/@emotion/unitless/-/unitless-0.7.5.tgz#77211291c1900a700b8a78cfafda3160d76949ed"
  integrity sha512-OWORNpfjMsSSUBVrRBVGECkhWcULOAJz9ZW8uK9qgxD+87M7jHRcvh/A96XXNhXTLmKcoYSQtBEX7lHMO7YRwg==

"@rc-component/async-validator@^5.1.0":
  version "5.1.0"
  resolved "https://registry.yarnpkg.com/@rc-component/async-validator/-/async-validator-5.1.0.tgz#e81f31e676d9cadc71e4310bbf1749c7a5882291"
  integrity sha512-n4HcR5siNUXRX23nDizbZBQPO0ZM/5oTtmKZ6/eqL0L2bo747cklFdZGRN2f+c9qWGICwDzrhW0H7tE9PptdcA==
  dependencies:
    "@babel/runtime" "^7.24.4"

"@rc-component/cascader@~1.14.0":
  version "1.14.0"
  resolved "https://registry.yarnpkg.com/@rc-component/cascader/-/cascader-1.14.0.tgz#74e1fca58cb14f8f75f6e4bf1debd90534aaea7c"
  integrity sha512-Ip9356xwZUR2nbW5PRVGif4B/bDve4pLa/N+PGbvBaTnjbvmN4PFMBGQSmlDlzKP1ovxaYMvwF/dI9lXNLT4iQ==
  dependencies:
    "@rc-component/select" "~1.6.0"
    "@rc-component/tree" "~1.2.0"
    "@rc-component/util" "^1.4.0"
    clsx "^2.1.1"

"@rc-component/checkbox@~2.0.0":
  version "2.0.0"
  resolved "https://registry.yarnpkg.com/@rc-component/checkbox/-/checkbox-2.0.0.tgz#90e0b30c276e507a5ab9942f626fe4572f5e4ff9"
  integrity sha512-3CXGPpAR9gsPKeO2N78HAPOzU30UdemD6HGJoWVJOpa6WleaGB5kzZj3v6bdTZab31YuWgY/RxV3VKPctn0DwQ==
  dependencies:
    "@rc-component/util" "^1.3.0"
    clsx "^2.1.1"

"@rc-component/collapse@~1.2.0":
  version "1.2.0"
  resolved "https://registry.yarnpkg.com/@rc-component/collapse/-/collapse-1.2.0.tgz#f4f041c0d0e97298b83aad8491fde9fe75b3ac48"
  integrity sha512-ZRYSKSS39qsFx93p26bde7JUZJshsUBEQRlRXPuJYlAiNX0vyYlF5TsAm8JZN3LcF8XvKikdzPbgAtXSbkLUkw==
  dependencies:
    "@babel/runtime" "^7.10.1"
    "@rc-component/motion" "^1.1.4"
    "@rc-component/util" "^1.3.0"
    clsx "^2.1.1"

"@rc-component/color-picker@~3.1.0":
  version "3.1.0"
  resolved "https://registry.yarnpkg.com/@rc-component/color-picker/-/color-picker-3.1.0.tgz#437586ea2fc27862e7429a754cf85e519e05f461"
  integrity sha512-o7Vavj7yyfVxFmeynXf0fCHVlC0UTE9al74c6nYuLck+gjuVdQNWSVXR8Efq/mmWFy7891SCOsfaPq6Eqe1s/g==
  dependencies:
    "@ant-design/fast-color" "^3.0.0"
    "@rc-component/util" "^1.3.0"
    clsx "^2.1.1"

"@rc-component/context@^2.0.1":
  version "2.0.1"
  resolved "https://registry.yarnpkg.com/@rc-component/context/-/context-2.0.1.tgz#88c7a565ae92c34a7f02f33c34b145e4039deed0"
  integrity sha512-HyZbYm47s/YqtP6pKXNMjPEMaukyg7P0qVfgMLzr7YiFNMHbK2fKTAGzms9ykfGHSfyf75nBbgWw+hHkp+VImw==
  dependencies:
    "@rc-component/util" "^1.3.0"

"@rc-component/dialog@~1.8.4":
  version "1.8.4"
  resolved "https://registry.yarnpkg.com/@rc-component/dialog/-/dialog-1.8.4.tgz#e1f05f311539852f40a5717bc3874ce0af64c6ff"
  integrity sha512-Ay6PM7phkTkquplG8fWfUGFZ2GTLx9diTl4f0d8Eqxd7W1u1KjE9AQooFQHOHnhZf0Ya3z51+5EKCWHmt/dNEw==
  dependencies:
    "@rc-component/motion" "^1.1.3"
    "@rc-component/portal" "^2.1.0"
    "@rc-component/util" "^1.9.0"
    clsx "^2.1.1"

"@rc-component/drawer@~1.4.2":
  version "1.4.2"
  resolved "https://registry.yarnpkg.com/@rc-component/drawer/-/drawer-1.4.2.tgz#eb13a6556fb67be28407295c89401b01549224e0"
  integrity sha512-1ib+fZEp6FBu+YvcIktm+nCQ+Q+qIpwpoaJH6opGr4ofh2QMq+qdr5DLC4oCf5qf3pcWX9lUWPYX652k4ini8Q==
  dependencies:
    "@rc-component/motion" "^1.1.4"
    "@rc-component/portal" "^2.1.3"
    "@rc-component/util" "^1.9.0"
    clsx "^2.1.1"

"@rc-component/dropdown@~1.0.0", "@rc-component/dropdown@~1.0.2":
  version "1.0.2"
  resolved "https://registry.yarnpkg.com/@rc-component/dropdown/-/dropdown-1.0.2.tgz#c6010dac9e3ce0d7cf305523083d499dc779819e"
  integrity sha512-6PY2ecUSYhDPhkNHHb4wfeAya04WhpmUSKzdR60G+kMNVUCX2vjT/AgTS0Lz0I/K6xrPMJ3enQbwVpeN3sHCgg==
  dependencies:
    "@rc-component/trigger" "^3.0.0"
    "@rc-component/util" "^1.2.1"
    clsx "^2.1.1"

"@rc-component/form@~1.6.2":
  version "1.6.2"
  resolved "https://registry.yarnpkg.com/@rc-component/form/-/form-1.6.2.tgz#6b0737d7a5a91f4e592c3676806741dda67f435a"
  integrity sha512-OgIn2RAoaSBqaIgzJf/X6iflIa9LpTozci1lagLBdURDFhGA370v0+T0tXxOi8YShMjTha531sFhwtnrv+EJaQ==
  dependencies:
    "@rc-component/async-validator" "^5.1.0"
    "@rc-component/util" "^1.6.2"
    clsx "^2.1.1"

"@rc-component/image@~1.6.0":
  version "1.6.0"
  resolved "https://registry.yarnpkg.com/@rc-component/image/-/image-1.6.0.tgz#4c3f66b07a1d7c50de23a7bf24660262161daf8d"
  integrity sha512-tSfn2ZE/oP082g4QIOxeehkmgnXB7R+5AFj/lIFr4k7pEuxHBdyGIq9axoCY9qea8NN0DY6p4IB/F07tLqaT5A==
  dependencies:
    "@rc-component/motion" "^1.0.0"
    "@rc-component/portal" "^2.1.2"
    "@rc-component/util" "^1.3.0"
    clsx "^2.1.1"

"@rc-component/input-number@~1.6.2":
  version "1.6.2"
  resolved "https://registry.yarnpkg.com/@rc-component/input-number/-/input-number-1.6.2.tgz#ae04e1ee69393fc047588c632e7ce6e19faf617f"
  integrity sha512-Gjcq7meZlCOiWN1t1xCC+7/s85humHVokTBI7PJgTfoyw5OWF74y3e6P8PHX104g9+b54jsodFIzyaj6p8LI9w==
  dependencies:
    "@rc-component/mini-decimal" "^1.0.1"
    "@rc-component/util" "^1.4.0"
    clsx "^2.1.1"

"@rc-component/input@~1.1.0", "@rc-component/input@~1.1.2":
  version "1.1.2"
  resolved "https://registry.yarnpkg.com/@rc-component/input/-/input-1.1.2.tgz#5fdb55741c012a3f8847d7bd24e318ed1d02cc05"
  integrity sha512-Q61IMR47piUBudgixJ30CciKIy9b1H95qe7GgEKOmSJVJXvFRWJllJfQry9tif+MX2cWFXWJf/RXz4kaCeq/Fg==
  dependencies:
    "@rc-component/util" "^1.4.0"
    clsx "^2.1.1"

"@rc-component/mentions@~1.6.0":
  version "1.6.0"
  resolved "https://registry.yarnpkg.com/@rc-component/mentions/-/mentions-1.6.0.tgz#8ffc86052ac6891b83ecf17beff17c7d5cd20f91"
  integrity sha512-KIkQNP6habNuTsLhUv0UGEOwG67tlmE7KNIJoQZZNggEZl5lQJTytFDb69sl5CK3TDdISCTjKP3nGEBKgT61CQ==
  dependencies:
    "@rc-component/input" "~1.1.0"
    "@rc-component/menu" "~1.2.0"
    "@rc-component/textarea" "~1.1.0"
    "@rc-component/trigger" "^3.0.0"
    "@rc-component/util" "^1.3.0"
    clsx "^2.1.1"

"@rc-component/menu@~1.2.0":
  version "1.2.0"
  resolved "https://registry.yarnpkg.com/@rc-component/menu/-/menu-1.2.0.tgz#3ec1afd2030b2f3d7917f54eb9a9d6e5d5d1d84a"
  integrity sha512-VWwDuhvYHSnTGj4n6bV3ISrLACcPAzdPOq3d0BzkeiM5cve8BEYfvkEhNoM0PLzv51jpcejeyrLXeMVIJ+QJlg==
  dependencies:
    "@rc-component/motion" "^1.1.4"
    "@rc-component/overflow" "^1.0.0"
    "@rc-component/trigger" "^3.0.0"
    "@rc-component/util" "^1.3.0"
    clsx "^2.1.1"

"@rc-component/mini-decimal@^1.0.1":
  version "1.1.0"
  resolved "https://registry.yarnpkg.com/@rc-component/mini-decimal/-/mini-decimal-1.1.0.tgz#7b7a362b14a0a54cb5bc6fd2b82731f29f11d9b0"
  integrity sha512-jS4E7T9Li2GuYwI6PyiVXmxTiM6b07rlD9Ge8uGZSCz3WlzcG5ZK7g5bbuKNeZ9pgUuPK/5guV781ujdVpm4HQ==
  dependencies:
    "@babel/runtime" "^7.18.0"

"@rc-component/motion@^1.0.0", "@rc-component/motion@^1.1.3", "@rc-component/motion@^1.1.4":
  version "1.3.1"
  resolved "https://registry.yarnpkg.com/@rc-component/motion/-/motion-1.3.1.tgz#1e56b06841ee677261251e6e69fedc8d73e65b22"
  integrity sha512-Wo1mkd0tCcHtvYvpPOmlYJz546z16qlsiwaygmW7NPJpOZOF9GBjhGzdzZSsC2lEJ1IUkWLF4gMHlRA1aSA+Yw==
  dependencies:
    "@rc-component/util" "^1.2.0"
    clsx "^2.1.1"

"@rc-component/motion@~1.1.6":
  version "1.1.6"
  resolved "https://registry.yarnpkg.com/@rc-component/motion/-/motion-1.1.6.tgz#f5ee7a6109457f1656cf65d1e9d9d755361e2c61"
  integrity sha512-aEQobs/YA0kqRvHIPjQvOytdtdRVyhf/uXAal4chBjxDu6odHckExJzjn2D+Ju1aKK6hx3pAs6BXdV9+86xkgQ==
  dependencies:
    "@rc-component/util" "^1.2.0"
    clsx "^2.1.1"

"@rc-component/mutate-observer@^2.0.1":
  version "2.0.1"
  resolved "https://registry.yarnpkg.com/@rc-component/mutate-observer/-/mutate-observer-2.0.1.tgz#78f54a23bff7c62b2137dfb67e063c1be6ac0652"
  integrity sha512-AyarjoLU5YlxuValRi+w8JRH2Z84TBbFO2RoGWz9d8bSu0FqT8DtugH3xC3BV7mUwlmROFauyWuXFuq4IFbH+w==
  dependencies:
    "@rc-component/util" "^1.2.0"

"@rc-component/notification@~1.2.0":
  version "1.2.0"
  resolved "https://registry.yarnpkg.com/@rc-component/notification/-/notification-1.2.0.tgz#dd7c7d50f1d3217bfbc75bc46259e212096855c5"
  integrity sha512-OX3J+zVU7rvoJCikjrfW7qOUp7zlDeFBK2eA3SFbGSkDqo63Sl4Ss8A04kFP+fxHSxMDIS9jYVEZtU1FNCFuBA==
  dependencies:
    "@rc-component/motion" "^1.1.4"
    "@rc-component/util" "^1.2.1"
    clsx "^2.1.1"

"@rc-component/overflow@^1.0.0":
  version "1.0.0"
  resolved "https://registry.yarnpkg.com/@rc-component/overflow/-/overflow-1.0.0.tgz#ade1cc336c66b45eb1631fdfad59ef84c8f90a89"
  integrity sha512-GSlBeoE0XTBi5cf3zl8Qh7Uqhn7v8RrlJ8ajeVpEkNe94HWy5l5BQ0Mwn2TVUq9gdgbfEMUmTX7tJFAg7mz0Rw==
  dependencies:
    "@babel/runtime" "^7.11.1"
    "@rc-component/resize-observer" "^1.0.1"
    "@rc-component/util" "^1.4.0"
    clsx "^2.1.1"

"@rc-component/pagination@~1.2.0":
  version "1.2.0"
  resolved "https://registry.yarnpkg.com/@rc-component/pagination/-/pagination-1.2.0.tgz#3a97abda8f1077f514e03a74b3b9c77f9e68499a"
  integrity sha512-YcpUFE8dMLfSo6OARJlK6DbHHvrxz7pMGPGmC/caZSJJz6HRKHC1RPP001PRHCvG9Z/veD039uOQmazVuLJzlw==
  dependencies:
    "@rc-component/util" "^1.3.0"
    clsx "^2.1.1"

"@rc-component/picker@~1.9.0":
  version "1.9.0"
  resolved "https://registry.yarnpkg.com/@rc-component/picker/-/picker-1.9.0.tgz#5ecb5595d2fcf0b4ec4edc9202628f42a314c4b0"
  integrity sha512-OLisdk8AWVCG9goBU1dWzuH5QlBQk8jktmQ6p0/IyBFwdKGwyIZOSjnBYo8hooHiTdl0lU+wGf/OfMtVBw02KQ==
  dependencies:
    "@rc-component/overflow" "^1.0.0"
    "@rc-component/resize-observer" "^1.0.0"
    "@rc-component/trigger" "^3.6.15"
    "@rc-component/util" "^1.3.0"
    clsx "^2.1.1"

"@rc-component/portal@^2.1.0", "@rc-component/portal@^2.1.2", "@rc-component/portal@^2.1.3", "@rc-component/portal@^2.2.0":
  version "2.2.0"
  resolved "https://registry.yarnpkg.com/@rc-component/portal/-/portal-2.2.0.tgz#ec4c6c3de2cd09fa3ce545f2439a7eb84852a7b9"
  integrity sha512-oc6FlA+uXCMiwArHsJyHcIkX4q6uKyndrPol2eWX8YPkAnztHOPsFIRtmWG4BMlGE5h7YIRE3NiaJ5VS8Lb1QQ==
  dependencies:
    "@rc-component/util" "^1.2.1"
    clsx "^2.1.1"

"@rc-component/progress@~1.0.2":
  version "1.0.2"
  resolved "https://registry.yarnpkg.com/@rc-component/progress/-/progress-1.0.2.tgz#9aba5e24d3ca73a61a451fd041f5d03ca8907c62"
  integrity sha512-WZUnH9eGxH1+xodZKqdrHke59uyGZSWgj5HBM5Kwk5BrTMuAORO7VJ2IP5Qbm9aH3n9x3IcesqHHR0NWPBC7fQ==
  dependencies:
    "@rc-component/util" "^1.2.1"
    clsx "^2.1.1"

"@rc-component/qrcode@~1.1.1":
  version "1.1.1"
  resolved "https://registry.yarnpkg.com/@rc-component/qrcode/-/qrcode-1.1.1.tgz#909f181bb9a7469d32a6e96c7f35476d4bd92008"
  integrity sha512-LfLGNymzKdUPjXUbRP+xOhIWY4jQ+YMj5MmWAcgcAq1Ij8XP7tRmAXqyuv96XvLUBE/5cA8hLFl9eO1JQMujrA==
  dependencies:
    "@babel/runtime" "^7.24.7"

"@rc-component/rate@~1.0.1":
  version "1.0.1"
  resolved "https://registry.yarnpkg.com/@rc-component/rate/-/rate-1.0.1.tgz#836c3c0bea69047f4234383e2ce6ab83a02ee26a"
  integrity sha512-bkXxeBqDpl5IOC7yL7GcSYjQx9G8H+6kLYQnNZWeBYq2OYIv1MONd6mqKTjnnJYpV0cQIU2z3atdW0j1kttpTw==
  dependencies:
    "@rc-component/util" "^1.3.0"
    clsx "^2.1.1"

"@rc-component/resize-observer@^1.0.0", "@rc-component/resize-observer@^1.0.1", "@rc-component/resize-observer@^1.1.1":
  version "1.1.1"
  resolved "https://registry.yarnpkg.com/@rc-component/resize-observer/-/resize-observer-1.1.1.tgz#216d7edb5259bb7d2a732735f0a103328ac8ad80"
  integrity sha512-NfXXMmiR+SmUuKE1NwJESzEUYUFWIDUn2uXpxCTOLwiRUUakd62DRNFjRJArgzyFW8S5rsL4aX5XlyIXyC/vRA==
  dependencies:
    "@rc-component/util" "^1.2.0"

"@rc-component/segmented@~1.3.0":
  version "1.3.0"
  resolved "https://registry.yarnpkg.com/@rc-component/segmented/-/segmented-1.3.0.tgz#46f5e3f34630a246e02fe20fd501ed448eb64c17"
  integrity sha512-5J/bJ01mbDnoA6P/FW8SxUvKn+OgUSTZJPzCNnTBntG50tzoP7DydGhqxp7ggZXZls7me3mc2EQDXakU3iTVFg==
  dependencies:
    "@babel/runtime" "^7.11.1"
    "@rc-component/motion" "^1.1.4"
    "@rc-component/util" "^1.3.0"
    clsx "^2.1.1"

"@rc-component/select@~1.6.0", "@rc-component/select@~1.6.5":
  version "1.6.5"
  resolved "https://registry.yarnpkg.com/@rc-component/select/-/select-1.6.5.tgz#69276239c6ac0884a67597961b0224c4ad0bc4ca"
  integrity sha512-Cx+/OYEorXlPQ6ZFDro3HbalPZLlJWagvGtl8DGYO4losXM6gw43qbsxWqU1c3XOQVIOUDBlr7dSksSNMj8kXg==
  dependencies:
    "@rc-component/overflow" "^1.0.0"
    "@rc-component/trigger" "^3.0.0"
    "@rc-component/util" "^1.3.0"
    "@rc-component/virtual-list" "^1.0.1"
    clsx "^2.1.1"

"@rc-component/slider@~1.0.1":
  version "1.0.1"
  resolved "https://registry.yarnpkg.com/@rc-component/slider/-/slider-1.0.1.tgz#a869eb09be343cfc580b28608edb0b230ceb1f04"
  integrity sha512-uDhEPU1z3WDfCJhaL9jfd2ha/Eqpdfxsn0Zb0Xcq1NGQAman0TWaR37OWp2vVXEOdV2y0njSILTMpTfPV1454g==
  dependencies:
    "@rc-component/util" "^1.3.0"
    clsx "^2.1.1"

"@rc-component/steps@~1.2.2":
  version "1.2.2"
  resolved "https://registry.yarnpkg.com/@rc-component/steps/-/steps-1.2.2.tgz#8440329540e987ccaed252e008972d0b63723d6f"
  integrity sha512-/yVIZ00gDYYPHSY0JP+M+s3ZvuXLu2f9rEjQqiUDs7EcYsUYrpJ/1bLj9aI9R7MBR3fu/NGh6RM9u2qGfqp+Nw==
  dependencies:
    "@rc-component/util" "^1.2.1"
    clsx "^2.1.1"

"@rc-component/switch@~1.0.3":
  version "1.0.3"
  resolved "https://registry.yarnpkg.com/@rc-component/switch/-/switch-1.0.3.tgz#d6efa8a17ca9c35f0838321c1cfe0b9adb954523"
  integrity sha512-Jgi+EbOBquje/XNdofr7xbJQZPYJP+BlPfR0h+WN4zFkdtB2EWqEfvkXJWeipflwjWip0/17rNbxEAqs8hVHfw==
  dependencies:
    "@rc-component/util" "^1.3.0"
    clsx "^2.1.1"

"@rc-component/table@~1.9.1":
  version "1.9.1"
  resolved "https://registry.yarnpkg.com/@rc-component/table/-/table-1.9.1.tgz#77a485f871c3a4b1abbb37f8fb9d25fb97efb481"
  integrity sha512-FVI5ZS/GdB3BcgexfCYKi3iHhZS3Fr59EtsxORszYGrfpH1eWr33eDNSYkVfLI6tfJ7vftJDd9D5apfFWqkdJg==
  dependencies:
    "@rc-component/context" "^2.0.1"
    "@rc-component/resize-observer" "^1.0.0"
    "@rc-component/util" "^1.1.0"
    "@rc-component/virtual-list" "^1.0.1"
    clsx "^2.1.1"

"@rc-component/tabs@~1.7.0":
  version "1.7.0"
  resolved "https://registry.yarnpkg.com/@rc-component/tabs/-/tabs-1.7.0.tgz#8e74ac1ce42c937a64e07fb91a7f7640560df09a"
  integrity sha512-J48cs2iBi7Ho3nptBxxIqizEliUC+ExE23faspUQKGQ550vaBlv3aGF8Epv/UB1vFWeoJDTW/dNzgIU0Qj5i/w==
  dependencies:
    "@rc-component/dropdown" "~1.0.0"
    "@rc-component/menu" "~1.2.0"
    "@rc-component/motion" "^1.1.3"
    "@rc-component/resize-observer" "^1.0.0"
    "@rc-component/util" "^1.3.0"
    clsx "^2.1.1"

"@rc-component/textarea@~1.1.0", "@rc-component/textarea@~1.1.2":
  version "1.1.2"
  resolved "https://registry.yarnpkg.com/@rc-component/textarea/-/textarea-1.1.2.tgz#2daa5dcb997840040fb8892b0d601ef28d9d1f37"
  integrity sha512-9rMUEODWZDMovfScIEHXWlVZuPljZ2pd1LKNjslJVitn4SldEzq5vO1CL3yy3Dnib6zZal2r2DPtjy84VVpF6A==
  dependencies:
    "@rc-component/input" "~1.1.0"
    "@rc-component/resize-observer" "^1.0.0"
    "@rc-component/util" "^1.3.0"
    clsx "^2.1.1"

"@rc-component/tooltip@~1.4.0":
  version "1.4.0"
  resolved "https://registry.yarnpkg.com/@rc-component/tooltip/-/tooltip-1.4.0.tgz#c8cf15c6773218a5a36271467f06e663f99c28e7"
  integrity sha512-8Rx5DCctIlLI4raR0I0xHjVTf1aF48+gKCNeAAo5bmF5VoR5YED+A/XEqzXv9KKqrJDRcd3Wndpxh2hyzrTtSg==
  dependencies:
    "@rc-component/trigger" "^3.7.1"
    "@rc-component/util" "^1.3.0"
    clsx "^2.1.1"

"@rc-component/tour@~2.3.0":
  version "2.3.0"
  resolved "https://registry.yarnpkg.com/@rc-component/tour/-/tour-2.3.0.tgz#3c45ddcab02cd1846f707e8993beecd9dee23a8f"
  integrity sha512-K04K9r32kUC+auBSQfr+Fss4SpSIS9JGe56oq/ALAX0p+i2ylYOI1MgR83yBY7v96eO6ZFXcM/igCQmubps0Ow==
  dependencies:
    "@rc-component/portal" "^2.2.0"
    "@rc-component/trigger" "^3.0.0"
    "@rc-component/util" "^1.7.0"
    clsx "^2.1.1"

"@rc-component/tree-select@~1.8.0":
  version "1.8.0"
  resolved "https://registry.yarnpkg.com/@rc-component/tree-select/-/tree-select-1.8.0.tgz#480e84221befbd1fa93ab2034423e2b064e41981"
  integrity sha512-iYsPq3nuLYvGqdvFAW+l+I9ASRIOVbMXyA8FGZg2lGym/GwkaWeJGzI4eJ7c9IOEhRj0oyfIN4S92Fl3J05mjQ==
  dependencies:
    "@rc-component/select" "~1.6.0"
    "@rc-component/tree" "~1.2.0"
    "@rc-component/util" "^1.4.0"
    clsx "^2.1.1"

"@rc-component/tree@~1.2.0", "@rc-component/tree@~1.2.3":
  version "1.2.3"
  resolved "https://registry.yarnpkg.com/@rc-component/tree/-/tree-1.2.3.tgz#a70ae847a768763f4f461375620c1feccfcc933a"
  integrity sha512-mG8hF2ogQcKaEpfyxzPvMWqqkptofd7Sf+YiXOpPzuXLTLwNKfLDJtysc1/oybopbnzxNqWh2Vgwi+GYwNIb7w==
  dependencies:
    "@rc-component/motion" "^1.0.0"
    "@rc-component/util" "^1.8.1"
    "@rc-component/virtual-list" "^1.0.1"
    clsx "^2.1.1"

"@rc-component/trigger@^3.0.0", "@rc-component/trigger@^3.6.15", "@rc-component/trigger@^3.7.1", "@rc-component/trigger@^3.9.0":
  version "3.9.0"
  resolved "https://registry.yarnpkg.com/@rc-component/trigger/-/trigger-3.9.0.tgz#d4d2df167e9aced1bf17672d9104a3297663f766"
  integrity sha512-X8btpwfrT27AgrZVOz4swclhEHTZcqaHeQMXXBgveagOiakTa36uObXbdwerXffgV8G9dH1fAAE0DHtVQs8EHg==
  dependencies:
    "@rc-component/motion" "^1.1.4"
    "@rc-component/portal" "^2.2.0"
    "@rc-component/resize-observer" "^1.1.1"
    "@rc-component/util" "^1.2.1"
    clsx "^2.1.1"

"@rc-component/upload@~1.1.0":
  version "1.1.0"
  resolved "https://registry.yarnpkg.com/@rc-component/upload/-/upload-1.1.0.tgz#cb634587ffdf8a8a4a26a279fac06989fb47f593"
  integrity sha512-LIBV90mAnUE6VK5N4QvForoxZc4XqEYZimcp7fk+lkE4XwHHyJWxpIXQQwMU8hJM+YwBbsoZkGksL1sISWHQxw==
  dependencies:
    "@rc-component/util" "^1.3.0"
    clsx "^2.1.1"

"@rc-component/util@^1.1.0", "@rc-component/util@^1.2.0", "@rc-component/util@^1.2.1", "@rc-component/util@^1.3.0", "@rc-component/util@^1.4.0", "@rc-component/util@^1.6.2", "@rc-component/util@^1.7.0", "@rc-component/util@^1.8.1", "@rc-component/util@^1.9.0":
  version "1.9.0"
  resolved "https://registry.yarnpkg.com/@rc-component/util/-/util-1.9.0.tgz#ec5fe657a98554f26ef761345ca4b745be00af0e"
  integrity sha512-5uW6AfhIigCWeEQDthTozlxiT4Prn6xYQWeO0xokjcaa186OtwPRHBZJ2o0T0FhbjGhZ3vXdbkv0sx3gAYW7Vg==
  dependencies:
    is-mobile "^5.0.0"
    react-is "^18.2.0"

"@rc-component/virtual-list@^1.0.1":
  version "1.0.2"
  resolved "https://registry.yarnpkg.com/@rc-component/virtual-list/-/virtual-list-1.0.2.tgz#356c465de522ae3834731827d9fb2311ed09b7e9"
  integrity sha512-uvTol/mH74FYsn5loDGJxo+7kjkO4i+y4j87Re1pxJBs0FaeuMuLRzQRGaXwnMcV1CxpZLi2Z56Rerj2M00fjQ==
  dependencies:
    "@babel/runtime" "^7.20.0"
    "@rc-component/resize-observer" "^1.0.1"
    "@rc-component/util" "^1.4.0"
    clsx "^2.1.1"

antd@^6.3.0:
  version "6.3.0"
  resolved "https://registry.yarnpkg.com/antd/-/antd-6.3.0.tgz#0ea0596d2d8c19cb5860e3fa6ad20128f6c8ffda"
  integrity sha512-bbHJcASrRHp02wTpr940KtUHlTT6tvmaD4OAjqgOJXNmTQ/+qBDdBVWY/yeDV41p/WbWjTLlaqRGVbL3UEVpNw==
  dependencies:
    "@ant-design/colors" "^8.0.1"
    "@ant-design/cssinjs" "^2.1.0"
    "@ant-design/cssinjs-utils" "^2.1.1"
    "@ant-design/fast-color" "^3.0.1"
    "@ant-design/icons" "^6.1.0"
    "@ant-design/react-slick" "~2.0.0"
    "@babel/runtime" "^7.28.4"
    "@rc-component/cascader" "~1.14.0"
    "@rc-component/checkbox" "~2.0.0"
    "@rc-component/collapse" "~1.2.0"
    "@rc-component/color-picker" "~3.1.0"
    "@rc-component/dialog" "~1.8.4"
    "@rc-component/drawer" "~1.4.2"
    "@rc-component/dropdown" "~1.0.2"
    "@rc-component/form" "~1.6.2"
    "@rc-component/image" "~1.6.0"
    "@rc-component/input" "~1.1.2"
    "@rc-component/input-number" "~1.6.2"
    "@rc-component/mentions" "~1.6.0"
    "@rc-component/menu" "~1.2.0"
    "@rc-component/motion" "~1.1.6"
    "@rc-component/mutate-observer" "^2.0.1"
    "@rc-component/notification" "~1.2.0"
    "@rc-component/pagination" "~1.2.0"
    "@rc-component/picker" "~1.9.0"
    "@rc-component/progress" "~1.0.2"
    "@rc-component/qrcode" "~1.1.1"
    "@rc-component/rate" "~1.0.1"
    "@rc-component/resize-observer" "^1.1.1"
    "@rc-component/segmented" "~1.3.0"
    "@rc-component/select" "~1.6.5"
    "@rc-component/slider" "~1.0.1"
    "@rc-component/steps" "~1.2.2"
    "@rc-component/switch" "~1.0.3"
    "@rc-component/table" "~1.9.1"
    "@rc-component/tabs" "~1.7.0"
    "@rc-component/textarea" "~1.1.2"
    "@rc-component/tooltip" "~1.4.0"
    "@rc-component/tour" "~2.3.0"
    "@rc-component/tree" "~1.2.3"
    "@rc-component/tree-select" "~1.8.0"
    "@rc-component/trigger" "^3.9.0"
    "@rc-component/upload" "~1.1.0"
    "@rc-component/util" "^1.9.0"
    clsx "^2.1.1"
    dayjs "^1.11.11"
    scroll-into-view-if-needed "^3.1.0"
    throttle-debounce "^5.0.2"

clsx@^2.1.1:
  version "2.1.1"
  resolved "https://registry.yarnpkg.com/clsx/-/clsx-2.1.1.tgz#eed397c9fd8bd882bfb18deab7102049a2f32999"
  integrity sha512-eYm0QWBtUrBWZWG0d386OGAw16Z995PiOVo2B7bjWSbHedGl5e0ZWaq65kOGgUSNesEIDkB9ISbTg/JK9dhCZA==

compute-scroll-into-view@^3.0.2:
  version "3.1.1"
  resolved "https://registry.yarnpkg.com/compute-scroll-into-view/-/compute-scroll-into-view-3.1.1.tgz#02c3386ec531fb6a9881967388e53e8564f3e9aa"
  integrity sha512-VRhuHOLoKYOy4UbilLbUzbYg93XLjv2PncJC50EuTWPA3gaja1UjBsUP/D/9/juV3vQFr6XBEzn9KCAHdUvOHw==

csstype@^3.1.3:
  version "3.2.3"
  resolved "https://registry.yarnpkg.com/csstype/-/csstype-3.2.3.tgz#ec48c0f3e993e50648c86da559e2610995cf989a"
  integrity sha512-z1HGKcYy2xA8AGQfwrn0PAy+PB7X/GSj3UVJW9qKyn43xWa+gl5nXmU4qqLMRzWVLFC8KusUX8T/0kCiOYpAIQ==

dayjs@^1.11.11:
  version "1.11.19"
  resolved "https://registry.yarnpkg.com/dayjs/-/dayjs-1.11.19.tgz#15dc98e854bb43917f12021806af897c58ae2938"
  integrity sha512-t5EcLVS6QPBNqM2z8fakk/NKel+Xzshgt8FFKAn+qwlD1pzZWxh0nVCrvFK7ZDb6XucZeF9z8C7CBWTRIVApAw==

is-mobile@^5.0.0:
  version "5.0.0"
  resolved "https://registry.yarnpkg.com/is-mobile/-/is-mobile-5.0.0.tgz#1e08a0ef2c38a67bff84a52af68d67bcef445333"
  integrity sha512-Tz/yndySvLAEXh+Uk8liFCxOwVH6YutuR74utvOcu7I9Di+DwM0mtdPVZNaVvvBUM2OXxne/NhOs1zAO7riusQ==

json2mq@^0.2.0:
  version "0.2.0"
  resolved "https://registry.yarnpkg.com/json2mq/-/json2mq-0.2.0.tgz#b637bd3ba9eabe122c83e9720483aeb10d2c904a"
  integrity sha512-SzoRg7ux5DWTII9J2qkrZrqV1gt+rTaoufMxEzXbS26Uid0NwaJd123HcoB80TgubEppxxIGdNxCx50fEoEWQA==
  dependencies:
    string-convert "^0.2.0"

react-is@^18.2.0:
  version "18.3.1"
  resolved "https://registry.yarnpkg.com/react-is/-/react-is-18.3.1.tgz#e83557dc12eae63a99e003a46388b1dcbb44db7e"
  integrity sha512-/LLMVyas0ljjAtoYiPqYiL8VWXzUUdThrmU5+n20DZv+a+ClRoevUzw5JxU+Ieh5/c87ytoTBV9G1FiKfNJdmg==

scroll-into-view-if-needed@^3.1.0:
  version "3.1.0"
  resolved "https://registry.yarnpkg.com/scroll-into-view-if-needed/-/scroll-into-view-if-needed-3.1.0.tgz#fa9524518c799b45a2ef6bbffb92bcad0296d01f"
  integrity sha512-49oNpRjWRvnU8NyGVmUaYG4jtTkNonFZI86MmGRDqBphEK2EXT9gdEUoQPZhuBM8yWHxCWbobltqYO5M4XrUvQ==
  dependencies:
    compute-scroll-into-view "^3.0.2"

string-convert@^0.2.0:
  version "0.2.1"
  resolved "https://registry.yarnpkg.com/string-convert/-/string-convert-0.2.1.tgz#6982cc3049fbb4cd85f8b24568b9d9bf39eeff97"
  integrity sha512-u/1tdPl4yQnPBjnVrmdLo9gtuLvELKsAoRapekWggdiQNvvvum+jYF329d84NAa660KQw7pB2n36KrIKVoXa3A==

stylis@^4.3.4:
  version "4.3.6"
  resolved "https://registry.yarnpkg.com/stylis/-/stylis-4.3.6.tgz#7c7b97191cb4f195f03ecab7d52f7902ed378320"
  integrity sha512-yQ3rwFWRfwNUY7H5vpU0wfdkNSnvnJinhF9830Swlaxl03zsOjCfmX0ugac+3LtK0lYSgwL/KXc8oYL3mG4YFQ==

throttle-debounce@^5.0.0, throttle-debounce@^5.0.2:
  version "5.0.2"
  resolved "https://registry.yarnpkg.com/throttle-debounce/-/throttle-debounce-5.0.2.tgz#ec5549d84e053f043c9fd0f2a6dd892ff84456b1"
  integrity sha512-B71/4oyj61iNH0KeCamLuE2rmKuTO5byTOSVwECM5FA7TiAiAW+UqTKZ9ERueC4qvgSttUhdmq1mXC3kJqGX7A==
